
Microsoft Visual Studio Solution File, Format Version 12.00
# Visual Studio Version 17
VisualStudioVersion = 17.5.002.0
MinimumVisualStudioVersion = 10.0.40219.1
Project("{9A19103F-16F7-4668-BE54-9A1E7A4F7556}") = "art_site", "server\art_site.csproj", "{FE5E20F6-8217-4D24-B2E7-57E72DC97C45}"
EndProject
Global
	GlobalSection(SolutionConfigurationPlatforms) = preSolution
		Debug|Any CPU = Debug|Any CPU
		Release|Any CPU = Release|Any CPU
	EndGlobalSection
	GlobalSection(ProjectConfigurationPlatforms) = postSolution
		{FE5E20F6-8217-4D24-B2E7-57E72DC97C45}.Debug|Any CPU.ActiveCfg = Debug|Any CPU
		{FE5E20F6-8217-4D24-B2E7-57E72DC97C45}.Debug|Any CPU.Build.0 = Debug|Any CPU
		{FE5E20F6-8217-4D24-B2E7-57E72DC97C45}.Release|Any CPU.ActiveCfg = Release|Any CPU
		{FE5E20F6-8217-4D24-B2E7-57E72DC97C45}.Release|Any CPU.Build.0 = Release|Any CPU
	EndGlobalSection
	GlobalSection(SolutionProperties) = preSolution
		HideSolutionNode = FALSE
	EndGlobalSection
	GlobalSection(ExtensibilityGlobals) = postSolution
		SolutionGuid = {54519F60-65D9-455E-A35F-02BF316F030C}
	EndGlobalSection
EndGlobal
